
Microsoft Visual Studio Solution File, Format Version 12.00
# Visual Studio Version 17
VisualStudioVersion = 17.5.002.0
MinimumVisualStudioVersion = 10.0.40219.1
Project("{9A19103F-16F7-4668-BE54-9A1E7A4F7556}") = "ConferenceApi", "ConferenceApi.csproj", "{6696F814-24D1-4E41-86F7-C8E368B0E818}"
EndProject
Global
	GlobalSection(SolutionConfigurationPlatforms) = preSolution
		Debug|Any CPU = Debug|Any CPU
		Release|Any CPU = Release|Any CPU
	EndGlobalSection
	GlobalSection(ProjectConfigurationPlatforms) = postSolution
		{6696F814-24D1-4E41-86F7-C8E368B0E818}.Debug|Any CPU.ActiveCfg = Debug|Any CPU
		{6696F814-24D1-4E41-86F7-C8E368B0E818}.Debug|Any CPU.Build.0 = Debug|Any CPU
		{6696F814-24D1-4E41-86F7-C8E368B0E818}.Release|Any CPU.ActiveCfg = Release|Any CPU
		{6696F814-24D1-4E41-86F7-C8E368B0E818}.Release|Any CPU.Build.0 = Release|Any CPU
	EndGlobalSection
	GlobalSection(SolutionProperties) = preSolution
		HideSolutionNode = FALSE
	EndGlobalSection
	GlobalSection(ExtensibilityGlobals) = postSolution
		SolutionGuid = {6E6DC83B-371C-404B-9435-C3EA5170EC6E}
	EndGlobalSection
EndGlobal
